
Microsoft Visual Studio Solution File, Format Version 12.00
# Visual Studio Version 16
VisualStudioVersion = 16.0.30621.155
MinimumVisualStudioVersion = 10.0.40219.1
Project("{FAE04EC0-301F-11D3-BF4B-00C04F79EFBC}") = "IsPalindrome", "IsPalindrome\IsPalindrome.csproj", "{899B737E-6015-4EBC-87E2-D3E372EA1DCC}"
EndProject
Global
	GlobalSection(SolutionConfigurationPlatforms) = preSolution
		Debug|Any CPU = Debug|Any CPU
		Release|Any CPU = Release|Any CPU
	EndGlobalSection
	GlobalSection(ProjectConfigurationPlatforms) = postSolution
		{899B737E-6015-4EBC-87E2-D3E372EA1DCC}.Debug|Any CPU.ActiveCfg = Debug|Any CPU
		{899B737E-6015-4EBC-87E2-D3E372EA1DCC}.Debug|Any CPU.Build.0 = Debug|Any CPU
		{899B737E-6015-4EBC-87E2-D3E372EA1DCC}.Release|Any CPU.ActiveCfg = Release|Any CPU
		{899B737E-6015-4EBC-87E2-D3E372EA1DCC}.Release|Any CPU.Build.0 = Release|Any CPU
	EndGlobalSection
	GlobalSection(SolutionProperties) = preSolution
		HideSolutionNode = FALSE
	EndGlobalSection
	GlobalSection(ExtensibilityGlobals) = postSolution
		SolutionGuid = {21981060-37D9-4027-84BA-F83355BA107E}
	EndGlobalSection
EndGlobal
