
Microsoft Visual Studio Solution File, Format Version 12.00
# Visual Studio Version 16
VisualStudioVersion = 16.0.30621.155
MinimumVisualStudioVersion = 10.0.40219.1
Project("{FAE04EC0-301F-11D3-BF4B-00C04F79EFBC}") = "InsertionSort", "InsertionSort\InsertionSort.csproj", "{CDADD049-C39C-481C-B9E5-30EB1812E03B}"
EndProject
Global
	GlobalSection(SolutionConfigurationPlatforms) = preSolution
		Debug|Any CPU = Debug|Any CPU
		Release|Any CPU = Release|Any CPU
	EndGlobalSection
	GlobalSection(ProjectConfigurationPlatforms) = postSolution
		{CDADD049-C39C-481C-B9E5-30EB1812E03B}.Debug|Any CPU.ActiveCfg = Debug|Any CPU
		{CDADD049-C39C-481C-B9E5-30EB1812E03B}.Debug|Any CPU.Build.0 = Debug|Any CPU
		{CDADD049-C39C-481C-B9E5-30EB1812E03B}.Release|Any CPU.ActiveCfg = Release|Any CPU
		{CDADD049-C39C-481C-B9E5-30EB1812E03B}.Release|Any CPU.Build.0 = Release|Any CPU
	EndGlobalSection
	GlobalSection(SolutionProperties) = preSolution
		HideSolutionNode = FALSE
	EndGlobalSection
	GlobalSection(ExtensibilityGlobals) = postSolution
		SolutionGuid = {553BB441-6E35-4939-96B8-C2E117265074}
	EndGlobalSection
EndGlobal
