
Microsoft Visual Studio Solution File, Format Version 12.00
# Visual Studio Version 16
VisualStudioVersion = 16.0.30621.155
MinimumVisualStudioVersion = 10.0.40219.1
Project("{FAE04EC0-301F-11D3-BF4B-00C04F79EFBC}") = "SmallestDifference", "SmallestDifference\SmallestDifference.csproj", "{8BD09501-8481-4C92-80F9-75F82A28255C}"
EndProject
Global
	GlobalSection(SolutionConfigurationPlatforms) = preSolution
		Debug|Any CPU = Debug|Any CPU
		Release|Any CPU = Release|Any CPU
	EndGlobalSection
	GlobalSection(ProjectConfigurationPlatforms) = postSolution
		{8BD09501-8481-4C92-80F9-75F82A28255C}.Debug|Any CPU.ActiveCfg = Debug|Any CPU
		{8BD09501-8481-4C92-80F9-75F82A28255C}.Debug|Any CPU.Build.0 = Debug|Any CPU
		{8BD09501-8481-4C92-80F9-75F82A28255C}.Release|Any CPU.ActiveCfg = Release|Any CPU
		{8BD09501-8481-4C92-80F9-75F82A28255C}.Release|Any CPU.Build.0 = Release|Any CPU
	EndGlobalSection
	GlobalSection(SolutionProperties) = preSolution
		HideSolutionNode = FALSE
	EndGlobalSection
	GlobalSection(ExtensibilityGlobals) = postSolution
		SolutionGuid = {B8C06BEA-6C2F-458E-B3E3-7CC515EE3CCA}
	EndGlobalSection
EndGlobal
