
Microsoft Visual Studio Solution File, Format Version 12.00
# Visual Studio Version 16
VisualStudioVersion = 16.0.30621.155
MinimumVisualStudioVersion = 10.0.40219.1
Project("{FAE04EC0-301F-11D3-BF4B-00C04F79EFBC}") = "LeafSumsOfBinaryTree", "LeafSumsOfBinaryTree\LeafSumsOfBinaryTree.csproj", "{451C5133-FAF9-4043-B64E-CB9DC648871D}"
EndProject
Global
	GlobalSection(SolutionConfigurationPlatforms) = preSolution
		Debug|Any CPU = Debug|Any CPU
		Release|Any CPU = Release|Any CPU
	EndGlobalSection
	GlobalSection(ProjectConfigurationPlatforms) = postSolution
		{451C5133-FAF9-4043-B64E-CB9DC648871D}.Debug|Any CPU.ActiveCfg = Debug|Any CPU
		{451C5133-FAF9-4043-B64E-CB9DC648871D}.Debug|Any CPU.Build.0 = Debug|Any CPU
		{451C5133-FAF9-4043-B64E-CB9DC648871D}.Release|Any CPU.ActiveCfg = Release|Any CPU
		{451C5133-FAF9-4043-B64E-CB9DC648871D}.Release|Any CPU.Build.0 = Release|Any CPU
	EndGlobalSection
	GlobalSection(SolutionProperties) = preSolution
		HideSolutionNode = FALSE
	EndGlobalSection
	GlobalSection(ExtensibilityGlobals) = postSolution
		SolutionGuid = {BAFFFC61-0CC5-4F04-B74E-39DD2D28BFFC}
	EndGlobalSection
EndGlobal
