
Microsoft Visual Studio Solution File, Format Version 12.00
# Visual Studio Version 16
VisualStudioVersion = 16.0.30621.155
MinimumVisualStudioVersion = 10.0.40219.1
Project("{FAE04EC0-301F-11D3-BF4B-00C04F79EFBC}") = "TandemBicycle", "TandemBicycle\TandemBicycle.csproj", "{819616A8-031A-42BC-BDB6-9878BF9CF613}"
EndProject
Global
	GlobalSection(SolutionConfigurationPlatforms) = preSolution
		Debug|Any CPU = Debug|Any CPU
		Release|Any CPU = Release|Any CPU
	EndGlobalSection
	GlobalSection(ProjectConfigurationPlatforms) = postSolution
		{819616A8-031A-42BC-BDB6-9878BF9CF613}.Debug|Any CPU.ActiveCfg = Debug|Any CPU
		{819616A8-031A-42BC-BDB6-9878BF9CF613}.Debug|Any CPU.Build.0 = Debug|Any CPU
		{819616A8-031A-42BC-BDB6-9878BF9CF613}.Release|Any CPU.ActiveCfg = Release|Any CPU
		{819616A8-031A-42BC-BDB6-9878BF9CF613}.Release|Any CPU.Build.0 = Release|Any CPU
	EndGlobalSection
	GlobalSection(SolutionProperties) = preSolution
		HideSolutionNode = FALSE
	EndGlobalSection
	GlobalSection(ExtensibilityGlobals) = postSolution
		SolutionGuid = {5AD97D9B-014A-4A39-B1D5-F6F1300771BB}
	EndGlobalSection
EndGlobal
